
Microsoft Visual Studio Solution File, Format Version 12.00
# Visual Studio 14
VisualStudioVersion = 14.0.25420.1
MinimumVisualStudioVersion = 10.0.40219.1
Project("{FAE04EC0-301F-11D3-BF4B-00C04F79EFBC}") = "EmailSender", "EmailSender\EmailSender.csproj", "{F87FC58C-585C-49CD-986D-74CD47BF1F18}"
EndProject
Project("{FAE04EC0-301F-11D3-BF4B-00C04F79EFBC}") = "ToDoList.Web", "ToDoList.Web\ToDoList.Web.csproj", "{B11843D2-CFD0-4F01-B2A3-BE4489567774}"
EndProject
Project("{FAE04EC0-301F-11D3-BF4B-00C04F79EFBC}") = "ToDoList.DAL", "ToDoList.DAL\ToDoList.DAL.csproj", "{4D8DE5A8-0C2A-41D8-85B5-3A0687D708D8}"
EndProject
Project("{FAE04EC0-301F-11D3-BF4B-00C04F79EFBC}") = "ToDoList.Core", "ToDoList.Core\ToDoList.Core.csproj", "{CFD7F5FF-5029-4132-B938-538B3AD67136}"
EndProject
Project("{FAE04EC0-301F-11D3-BF4B-00C04F79EFBC}") = "ToDoList.Models", "ToDoList.Models\ToDoList.Models.csproj", "{BF48E6D3-1F18-46FA-832A-07697C7D6B56}"
EndProject
Project("{2150E333-8FDC-42A3-9474-1A3956D46DE8}") = "Solution Items", "Solution Items", "{F44E35CE-69BE-4F10-8EE2-37DFC6113028}"
EndProject
Project("{FAE04EC0-301F-11D3-BF4B-00C04F79EFBC}") = "EmailService", "EmailService\EmailService.csproj", "{7E887685-AEFF-4852-8726-830DEF8807A2}"
EndProject
Global
	GlobalSection(SolutionConfigurationPlatforms) = preSolution
		Debug|Any CPU = Debug|Any CPU
		Release|Any CPU = Release|Any CPU
	EndGlobalSection
	GlobalSection(ProjectConfigurationPlatforms) = postSolution
		{F87FC58C-585C-49CD-986D-74CD47BF1F18}.Debug|Any CPU.ActiveCfg = Debug|Any CPU
		{F87FC58C-585C-49CD-986D-74CD47BF1F18}.Debug|Any CPU.Build.0 = Debug|Any CPU
		{F87FC58C-585C-49CD-986D-74CD47BF1F18}.Release|Any CPU.ActiveCfg = Release|Any CPU
		{F87FC58C-585C-49CD-986D-74CD47BF1F18}.Release|Any CPU.Build.0 = Release|Any CPU
		{B11843D2-CFD0-4F01-B2A3-BE4489567774}.Debug|Any CPU.ActiveCfg = Debug|Any CPU
		{B11843D2-CFD0-4F01-B2A3-BE4489567774}.Debug|Any CPU.Build.0 = Debug|Any CPU
		{B11843D2-CFD0-4F01-B2A3-BE4489567774}.Release|Any CPU.ActiveCfg = Release|Any CPU
		{B11843D2-CFD0-4F01-B2A3-BE4489567774}.Release|Any CPU.Build.0 = Release|Any CPU
		{4D8DE5A8-0C2A-41D8-85B5-3A0687D708D8}.Debug|Any CPU.ActiveCfg = Debug|Any CPU
		{4D8DE5A8-0C2A-41D8-85B5-3A0687D708D8}.Debug|Any CPU.Build.0 = Debug|Any CPU
		{4D8DE5A8-0C2A-41D8-85B5-3A0687D708D8}.Release|Any CPU.ActiveCfg = Release|Any CPU
		{4D8DE5A8-0C2A-41D8-85B5-3A0687D708D8}.Release|Any CPU.Build.0 = Release|Any CPU
		{CFD7F5FF-5029-4132-B938-538B3AD67136}.Debug|Any CPU.ActiveCfg = Debug|Any CPU
		{CFD7F5FF-5029-4132-B938-538B3AD67136}.Debug|Any CPU.Build.0 = Debug|Any CPU
		{CFD7F5FF-5029-4132-B938-538B3AD67136}.Release|Any CPU.ActiveCfg = Release|Any CPU
		{CFD7F5FF-5029-4132-B938-538B3AD67136}.Release|Any CPU.Build.0 = Release|Any CPU
		{BF48E6D3-1F18-46FA-832A-07697C7D6B56}.Debug|Any CPU.ActiveCfg = Debug|Any CPU
		{BF48E6D3-1F18-46FA-832A-07697C7D6B56}.Debug|Any CPU.Build.0 = Debug|Any CPU
		{BF48E6D3-1F18-46FA-832A-07697C7D6B56}.Release|Any CPU.ActiveCfg = Release|Any CPU
		{BF48E6D3-1F18-46FA-832A-07697C7D6B56}.Release|Any CPU.Build.0 = Release|Any CPU
		{7E887685-AEFF-4852-8726-830DEF8807A2}.Debug|Any CPU.ActiveCfg = Debug|Any CPU
		{7E887685-AEFF-4852-8726-830DEF8807A2}.Debug|Any CPU.Build.0 = Debug|Any CPU
		{7E887685-AEFF-4852-8726-830DEF8807A2}.Release|Any CPU.ActiveCfg = Release|Any CPU
		{7E887685-AEFF-4852-8726-830DEF8807A2}.Release|Any CPU.Build.0 = Release|Any CPU
	EndGlobalSection
	GlobalSection(SolutionProperties) = preSolution
		HideSolutionNode = FALSE
	EndGlobalSection
	GlobalSection(ExtensibilityGlobals) = postSolution
		SolutionGuid = {7827B633-65BC-4CC8-86A4-D6458B755074}
	EndGlobalSection
EndGlobal
